
Microsoft Visual Studio Solution File, Format Version 12.00
# Visual Studio Version 17
VisualStudioVersion = 17.5.33516.290
MinimumVisualStudioVersion = 10.0.40219.1
Project("{FAE04EC0-301F-11D3-BF4B-00C04F79EFBC}") = "LibraryProject-Yonatan", "LibraryProject-Yonatan.csproj", "{66612325-A309-4AB6-86BF-A0BACFC96255}"
EndProject
Project("{FAE04EC0-301F-11D3-BF4B-00C04F79EFBC}") = "Library_Dal2", "..\LibraryLogic2\Library_Dal2.csproj", "{A2AF43D5-5591-4261-A2E8-EB125EC028ED}"
EndProject
Project("{FAE04EC0-301F-11D3-BF4B-00C04F79EFBC}") = "LogicForLibrary", "..\LogicForLibrary\LogicForLibrary.csproj", "{B3EEA4D1-4C12-4F34-AC0F-E5FEE21CEB64}"
EndProject
Global
	GlobalSection(SolutionConfigurationPlatforms) = preSolution
		Debug|Any CPU = Debug|Any CPU
		Release|Any CPU = Release|Any CPU
	EndGlobalSection
	GlobalSection(ProjectConfigurationPlatforms) = postSolution
		{66612325-A309-4AB6-86BF-A0BACFC96255}.Debug|Any CPU.ActiveCfg = Debug|Any CPU
		{66612325-A309-4AB6-86BF-A0BACFC96255}.Debug|Any CPU.Build.0 = Debug|Any CPU
		{66612325-A309-4AB6-86BF-A0BACFC96255}.Release|Any CPU.ActiveCfg = Release|Any CPU
		{66612325-A309-4AB6-86BF-A0BACFC96255}.Release|Any CPU.Build.0 = Release|Any CPU
		{A2AF43D5-5591-4261-A2E8-EB125EC028ED}.Debug|Any CPU.ActiveCfg = Debug|Any CPU
		{A2AF43D5-5591-4261-A2E8-EB125EC028ED}.Debug|Any CPU.Build.0 = Debug|Any CPU
		{A2AF43D5-5591-4261-A2E8-EB125EC028ED}.Release|Any CPU.ActiveCfg = Release|Any CPU
		{A2AF43D5-5591-4261-A2E8-EB125EC028ED}.Release|Any CPU.Build.0 = Release|Any CPU
		{B3EEA4D1-4C12-4F34-AC0F-E5FEE21CEB64}.Debug|Any CPU.ActiveCfg = Debug|Any CPU
		{B3EEA4D1-4C12-4F34-AC0F-E5FEE21CEB64}.Debug|Any CPU.Build.0 = Debug|Any CPU
		{B3EEA4D1-4C12-4F34-AC0F-E5FEE21CEB64}.Release|Any CPU.ActiveCfg = Release|Any CPU
		{B3EEA4D1-4C12-4F34-AC0F-E5FEE21CEB64}.Release|Any CPU.Build.0 = Release|Any CPU
	EndGlobalSection
	GlobalSection(SolutionProperties) = preSolution
		HideSolutionNode = FALSE
	EndGlobalSection
	GlobalSection(ExtensibilityGlobals) = postSolution
		SolutionGuid = {AAEF04B9-8C77-4C53-90A3-886312C56A31}
	EndGlobalSection
EndGlobal
